
Microsoft Visual Studio Solution File, Format Version 12.00
# Visual Studio Version 17
VisualStudioVersion = 17.0.31912.275
MinimumVisualStudioVersion = 10.0.40219.1
Project("{9A19103F-16F7-4668-BE54-9A1E7A4F7556}") = "ConsoleCalismalar", "ConsoleCalismalar\ConsoleCalismalar.csproj", "{C3F1FEA3-7887-4604-85F5-A1DBF5222C26}"
EndProject
Project("{9A19103F-16F7-4668-BE54-9A1E7A4F7556}") = "Donguler", "Donguler\Donguler.csproj", "{5DC228F8-5CD3-45C7-AFC3-951F8400C83B}"
EndProject
Project("{9A19103F-16F7-4668-BE54-9A1E7A4F7556}") = "Classes", "Classes\Classes.csproj", "{025EA90B-F27C-44BA-AC8C-4CE2B9A120E4}"
EndProject
Project("{FAE04EC0-301F-11D3-BF4B-00C04F79EFBC}") = "Metotlar", "Metotlar\Metotlar.csproj", "{6A16A152-E38E-41AA-AFFF-1004908F195D}"
EndProject
Global
	GlobalSection(SolutionConfigurationPlatforms) = preSolution
		Debug|Any CPU = Debug|Any CPU
		Release|Any CPU = Release|Any CPU
	EndGlobalSection
	GlobalSection(ProjectConfigurationPlatforms) = postSolution
		{C3F1FEA3-7887-4604-85F5-A1DBF5222C26}.Debug|Any CPU.ActiveCfg = Debug|Any CPU
		{C3F1FEA3-7887-4604-85F5-A1DBF5222C26}.Debug|Any CPU.Build.0 = Debug|Any CPU
		{C3F1FEA3-7887-4604-85F5-A1DBF5222C26}.Release|Any CPU.ActiveCfg = Release|Any CPU
		{C3F1FEA3-7887-4604-85F5-A1DBF5222C26}.Release|Any CPU.Build.0 = Release|Any CPU
		{5DC228F8-5CD3-45C7-AFC3-951F8400C83B}.Debug|Any CPU.ActiveCfg = Debug|Any CPU
		{5DC228F8-5CD3-45C7-AFC3-951F8400C83B}.Debug|Any CPU.Build.0 = Debug|Any CPU
		{5DC228F8-5CD3-45C7-AFC3-951F8400C83B}.Release|Any CPU.ActiveCfg = Release|Any CPU
		{5DC228F8-5CD3-45C7-AFC3-951F8400C83B}.Release|Any CPU.Build.0 = Release|Any CPU
		{025EA90B-F27C-44BA-AC8C-4CE2B9A120E4}.Debug|Any CPU.ActiveCfg = Debug|Any CPU
		{025EA90B-F27C-44BA-AC8C-4CE2B9A120E4}.Debug|Any CPU.Build.0 = Debug|Any CPU
		{025EA90B-F27C-44BA-AC8C-4CE2B9A120E4}.Release|Any CPU.ActiveCfg = Release|Any CPU
		{025EA90B-F27C-44BA-AC8C-4CE2B9A120E4}.Release|Any CPU.Build.0 = Release|Any CPU
		{6A16A152-E38E-41AA-AFFF-1004908F195D}.Debug|Any CPU.ActiveCfg = Debug|Any CPU
		{6A16A152-E38E-41AA-AFFF-1004908F195D}.Debug|Any CPU.Build.0 = Debug|Any CPU
		{6A16A152-E38E-41AA-AFFF-1004908F195D}.Release|Any CPU.ActiveCfg = Release|Any CPU
		{6A16A152-E38E-41AA-AFFF-1004908F195D}.Release|Any CPU.Build.0 = Release|Any CPU
	EndGlobalSection
	GlobalSection(SolutionProperties) = preSolution
		HideSolutionNode = FALSE
	EndGlobalSection
	GlobalSection(ExtensibilityGlobals) = postSolution
		SolutionGuid = {F0C91980-E0B2-4AD2-AD6F-D1335CA4E6C4}
	EndGlobalSection
EndGlobal
